
Microsoft Visual Studio Solution File, Format Version 12.00
# Visual Studio 14
VisualStudioVersion = 14.0.24720.0
MinimumVisualStudioVersion = 10.0.40219.1
Project("{FAE04EC0-301F-11D3-BF4B-00C04F79EFBC}") = "FF_BT_SHORP.BLL", "FF_BT_SHORP.BLL\FF_BT_SHORP.BLL.csproj", "{FC8E05E7-2455-4067-BF38-8A80178CFE44}"
EndProject
Project("{FAE04EC0-301F-11D3-BF4B-00C04F79EFBC}") = "FF_BT_SHORP.Common", "FF_BT_SHORP.Common\FF_BT_SHORP.Common.csproj", "{E12EEDB5-538C-4233-81F7-1725F31C18F7}"
EndProject
Project("{FAE04EC0-301F-11D3-BF4B-00C04F79EFBC}") = "FF_BT_SHORP.DAL", "FF_BT_SHORP.DAL\FF_BT_SHORP.DAL.csproj", "{D3479D25-CB15-4AD2-9452-E3B87065F219}"
EndProject
Project("{FAE04EC0-301F-11D3-BF4B-00C04F79EFBC}") = "FF_BT_SHORP.IBLL", "FF_BT_SHORP.IBLL\FF_BT_SHORP.IBLL.csproj", "{54667AD4-2972-43A2-82D4-97DB1F6DB34F}"
EndProject
Project("{FAE04EC0-301F-11D3-BF4B-00C04F79EFBC}") = "FF_BT_SHORP.IDAL", "FF_BT_SHORP.IDAL\FF_BT_SHORP.IDAL.csproj", "{7F7CC7E4-B5D4-4083-9BDA-EA257BA705F3}"
EndProject
Project("{FAE04EC0-301F-11D3-BF4B-00C04F79EFBC}") = "FF_BT_SHORP.Models", "FF_BT_SHORP.Models\FF_BT_SHORP.Models.csproj", "{9EDA89A1-6D88-450D-BF91-DC0FE1DE9606}"
EndProject
Project("{FAE04EC0-301F-11D3-BF4B-00C04F79EFBC}") = "FF_BT_SHORP.Web", "FF_BT_SHORP.Web\FF_BT_SHORP.Web.csproj", "{50DAEE43-98D2-45E0-9EFD-548F086E2905}"
EndProject
Project("{FAE04EC0-301F-11D3-BF4B-00C04F79EFBC}") = "FF_BT_ShorpApp.Droid", "FF_BT_ShorpApp\FF_BT_ShorpApp.Droid\FF_BT_ShorpApp.Droid.csproj", "{75E75175-4664-4585-9836-B64A706FCECE}"
EndProject
Project("{FAE04EC0-301F-11D3-BF4B-00C04F79EFBC}") = "FF_BT_ShorpApp.iOS", "FF_BT_ShorpApp\FF_BT_ShorpApp.iOS\FF_BT_ShorpApp.iOS.csproj", "{ECB4753C-1AB4-46DF-A0E5-B49C35EAC2A4}"
EndProject
Project("{FAE04EC0-301F-11D3-BF4B-00C04F79EFBC}") = "FF_BT_ShorpApp", "FF_BT_ShorpApp\FF_BT_ShorpApp\FF_BT_ShorpApp.csproj", "{573E9A7F-C406-4102-987E-92E3E0583DD5}"
EndProject
Global
	GlobalSection(SolutionConfigurationPlatforms) = preSolution
		Ad-Hoc|Any CPU = Ad-Hoc|Any CPU
		Ad-Hoc|ARM = Ad-Hoc|ARM
		Ad-Hoc|iPhone = Ad-Hoc|iPhone
		Ad-Hoc|iPhoneSimulator = Ad-Hoc|iPhoneSimulator
		Ad-Hoc|x64 = Ad-Hoc|x64
		Ad-Hoc|x86 = Ad-Hoc|x86
		AppStore|Any CPU = AppStore|Any CPU
		AppStore|ARM = AppStore|ARM
		AppStore|iPhone = AppStore|iPhone
		AppStore|iPhoneSimulator = AppStore|iPhoneSimulator
		AppStore|x64 = AppStore|x64
		AppStore|x86 = AppStore|x86
		Debug|Any CPU = Debug|Any CPU
		Debug|ARM = Debug|ARM
		Debug|iPhone = Debug|iPhone
		Debug|iPhoneSimulator = Debug|iPhoneSimulator
		Debug|x64 = Debug|x64
		Debug|x86 = Debug|x86
		Release|Any CPU = Release|Any CPU
		Release|ARM = Release|ARM
		Release|iPhone = Release|iPhone
		Release|iPhoneSimulator = Release|iPhoneSimulator
		Release|x64 = Release|x64
		Release|x86 = Release|x86
	EndGlobalSection
	GlobalSection(ProjectConfigurationPlatforms) = postSolution
		{FC8E05E7-2455-4067-BF38-8A80178CFE44}.Ad-Hoc|Any CPU.ActiveCfg = Release|Any CPU
		{FC8E05E7-2455-4067-BF38-8A80178CFE44}.Ad-Hoc|Any CPU.Build.0 = Release|Any CPU
		{FC8E05E7-2455-4067-BF38-8A80178CFE44}.Ad-Hoc|ARM.ActiveCfg = Release|Any CPU
		{FC8E05E7-2455-4067-BF38-8A80178CFE44}.Ad-Hoc|ARM.Build.0 = Release|Any CPU
		{FC8E05E7-2455-4067-BF38-8A80178CFE44}.Ad-Hoc|iPhone.ActiveCfg = Release|Any CPU
		{FC8E05E7-2455-4067-BF38-8A80178CFE44}.Ad-Hoc|iPhone.Build.0 = Release|Any CPU
		{FC8E05E7-2455-4067-BF38-8A80178CFE44}.Ad-Hoc|iPhoneSimulator.ActiveCfg = Release|Any CPU
		{FC8E05E7-2455-4067-BF38-8A80178CFE44}.Ad-Hoc|iPhoneSimulator.Build.0 = Release|Any CPU
		{FC8E05E7-2455-4067-BF38-8A80178CFE44}.Ad-Hoc|x64.ActiveCfg = Release|Any CPU
		{FC8E05E7-2455-4067-BF38-8A80178CFE44}.Ad-Hoc|x64.Build.0 = Release|Any CPU
		{FC8E05E7-2455-4067-BF38-8A80178CFE44}.Ad-Hoc|x86.ActiveCfg = Release|Any CPU
		{FC8E05E7-2455-4067-BF38-8A80178CFE44}.Ad-Hoc|x86.Build.0 = Release|Any CPU
		{FC8E05E7-2455-4067-BF38-8A80178CFE44}.AppStore|Any CPU.ActiveCfg = Release|Any CPU
		{FC8E05E7-2455-4067-BF38-8A80178CFE44}.AppStore|Any CPU.Build.0 = Release|Any CPU
		{FC8E05E7-2455-4067-BF38-8A80178CFE44}.AppStore|ARM.ActiveCfg = Release|Any CPU
		{FC8E05E7-2455-4067-BF38-8A80178CFE44}.AppStore|ARM.Build.0 = Release|Any CPU
		{FC8E05E7-2455-4067-BF38-8A80178CFE44}.AppStore|iPhone.ActiveCfg = Release|Any CPU
		{FC8E05E7-2455-4067-BF38-8A80178CFE44}.AppStore|iPhone.Build.0 = Release|Any CPU
		{FC8E05E7-2455-4067-BF38-8A80178CFE44}.AppStore|iPhoneSimulator.ActiveCfg = Release|Any CPU
		{FC8E05E7-2455-4067-BF38-8A80178CFE44}.AppStore|iPhoneSimulator.Build.0 = Release|Any CPU
		{FC8E05E7-2455-4067-BF38-8A80178CFE44}.AppStore|x64.ActiveCfg = Release|Any CPU
		{FC8E05E7-2455-4067-BF38-8A80178CFE44}.AppStore|x64.Build.0 = Release|Any CPU
		{FC8E05E7-2455-4067-BF38-8A80178CFE44}.AppStore|x86.ActiveCfg = Release|Any CPU
		{FC8E05E7-2455-4067-BF38-8A80178CFE44}.AppStore|x86.Build.0 = Release|Any CPU
		{FC8E05E7-2455-4067-BF38-8A80178CFE44}.Debug|Any CPU.ActiveCfg = Debug|Any CPU
		{FC8E05E7-2455-4067-BF38-8A80178CFE44}.Debug|Any CPU.Build.0 = Debug|Any CPU
		{FC8E05E7-2455-4067-BF38-8A80178CFE44}.Debug|ARM.ActiveCfg = Debug|Any CPU
		{FC8E05E7-2455-4067-BF38-8A80178CFE44}.Debug|ARM.Build.0 = Debug|Any CPU
		{FC8E05E7-2455-4067-BF38-8A80178CFE44}.Debug|iPhone.ActiveCfg = Debug|Any CPU
		{FC8E05E7-2455-4067-BF38-8A80178CFE44}.Debug|iPhone.Build.0 = Debug|Any CPU
		{FC8E05E7-2455-4067-BF38-8A80178CFE44}.Debug|iPhoneSimulator.ActiveCfg = Debug|Any CPU
		{FC8E05E7-2455-4067-BF38-8A80178CFE44}.Debug|iPhoneSimulator.Build.0 = Debug|Any CPU
		{FC8E05E7-2455-4067-BF38-8A80178CFE44}.Debug|x64.ActiveCfg = Debug|Any CPU
		{FC8E05E7-2455-4067-BF38-8A80178CFE44}.Debug|x64.Build.0 = Debug|Any CPU
		{FC8E05E7-2455-4067-BF38-8A80178CFE44}.Debug|x86.ActiveCfg = Debug|Any CPU
		{FC8E05E7-2455-4067-BF38-8A80178CFE44}.Debug|x86.Build.0 = Debug|Any CPU
		{FC8E05E7-2455-4067-BF38-8A80178CFE44}.Release|Any CPU.ActiveCfg = Release|Any CPU
		{FC8E05E7-2455-4067-BF38-8A80178CFE44}.Release|Any CPU.Build.0 = Release|Any CPU
		{FC8E05E7-2455-4067-BF38-8A80178CFE44}.Release|ARM.ActiveCfg = Release|Any CPU
		{FC8E05E7-2455-4067-BF38-8A80178CFE44}.Release|ARM.Build.0 = Release|Any CPU
		{FC8E05E7-2455-4067-BF38-8A80178CFE44}.Release|iPhone.ActiveCfg = Release|Any CPU
		{FC8E05E7-2455-4067-BF38-8A80178CFE44}.Release|iPhone.Build.0 = Release|Any CPU
		{FC8E05E7-2455-4067-BF38-8A80178CFE44}.Release|iPhoneSimulator.ActiveCfg = Release|Any CPU
		{FC8E05E7-2455-4067-BF38-8A80178CFE44}.Release|iPhoneSimulator.Build.0 = Release|Any CPU
		{FC8E05E7-2455-4067-BF38-8A80178CFE44}.Release|x64.ActiveCfg = Release|Any CPU
		{FC8E05E7-2455-4067-BF38-8A80178CFE44}.Release|x64.Build.0 = Release|Any CPU
		{FC8E05E7-2455-4067-BF38-8A80178CFE44}.Release|x86.ActiveCfg = Release|Any CPU
		{FC8E05E7-2455-4067-BF38-8A80178CFE44}.Release|x86.Build.0 = Release|Any CPU
		{E12EEDB5-538C-4233-81F7-1725F31C18F7}.Ad-Hoc|Any CPU.ActiveCfg = Release|Any CPU
		{E12EEDB5-538C-4233-81F7-1725F31C18F7}.Ad-Hoc|Any CPU.Build.0 = Release|Any CPU
		{E12EEDB5-538C-4233-81F7-1725F31C18F7}.Ad-Hoc|ARM.ActiveCfg = Release|Any CPU
		{E12EEDB5-538C-4233-81F7-1725F31C18F7}.Ad-Hoc|ARM.Build.0 = Release|Any CPU
		{E12EEDB5-538C-4233-81F7-1725F31C18F7}.Ad-Hoc|iPhone.ActiveCfg = Release|Any CPU
		{E12EEDB5-538C-4233-81F7-1725F31C18F7}.Ad-Hoc|iPhone.Build.0 = Release|Any CPU
		{E12EEDB5-538C-4233-81F7-1725F31C18F7}.Ad-Hoc|iPhoneSimulator.ActiveCfg = Release|Any CPU
		{E12EEDB5-538C-4233-81F7-1725F31C18F7}.Ad-Hoc|iPhoneSimulator.Build.0 = Release|Any CPU
		{E12EEDB5-538C-4233-81F7-1725F31C18F7}.Ad-Hoc|x64.ActiveCfg = Release|Any CPU
		{E12EEDB5-538C-4233-81F7-1725F31C18F7}.Ad-Hoc|x64.Build.0 = Release|Any CPU
		{E12EEDB5-538C-4233-81F7-1725F31C18F7}.Ad-Hoc|x86.ActiveCfg = Release|Any CPU
		{E12EEDB5-538C-4233-81F7-1725F31C18F7}.Ad-Hoc|x86.Build.0 = Release|Any CPU
		{E12EEDB5-538C-4233-81F7-1725F31C18F7}.AppStore|Any CPU.ActiveCfg = Release|Any CPU
		{E12EEDB5-538C-4233-81F7-1725F31C18F7}.AppStore|Any CPU.Build.0 = Release|Any CPU
		{E12EEDB5-538C-4233-81F7-1725F31C18F7}.AppStore|ARM.ActiveCfg = Release|Any CPU
		{E12EEDB5-538C-4233-81F7-1725F31C18F7}.AppStore|ARM.Build.0 = Release|Any CPU
		{E12EEDB5-538C-4233-81F7-1725F31C18F7}.AppStore|iPhone.ActiveCfg = Release|Any CPU
		{E12EEDB5-538C-4233-81F7-1725F31C18F7}.AppStore|iPhone.Build.0 = Release|Any CPU
		{E12EEDB5-538C-4233-81F7-1725F31C18F7}.AppStore|iPhoneSimulator.ActiveCfg = Release|Any CPU
		{E12EEDB5-538C-4233-81F7-1725F31C18F7}.AppStore|iPhoneSimulator.Build.0 = Release|Any CPU
		{E12EEDB5-538C-4233-81F7-1725F31C18F7}.AppStore|x64.ActiveCfg = Release|Any CPU
		{E12EEDB5-538C-4233-81F7-1725F31C18F7}.AppStore|x64.Build.0 = Release|Any CPU
		{E12EEDB5-538C-4233-81F7-1725F31C18F7}.AppStore|x86.ActiveCfg = Release|Any CPU
		{E12EEDB5-538C-4233-81F7-1725F31C18F7}.AppStore|x86.Build.0 = Release|Any CPU
		{E12EEDB5-538C-4233-81F7-1725F31C18F7}.Debug|Any CPU.ActiveCfg = Debug|Any CPU
		{E12EEDB5-538C-4233-81F7-1725F31C18F7}.Debug|Any CPU.Build.0 = Debug|Any CPU
		{E12EEDB5-538C-4233-81F7-1725F31C18F7}.Debug|ARM.ActiveCfg = Debug|Any CPU
		{E12EEDB5-538C-4233-81F7-1725F31C18F7}.Debug|ARM.Build.0 = Debug|Any CPU
		{E12EEDB5-538C-4233-81F7-1725F31C18F7}.Debug|iPhone.ActiveCfg = Debug|Any CPU
		{E12EEDB5-538C-4233-81F7-1725F31C18F7}.Debug|iPhone.Build.0 = Debug|Any CPU
		{E12EEDB5-538C-4233-81F7-1725F31C18F7}.Debug|iPhoneSimulator.ActiveCfg = Debug|Any CPU
		{E12EEDB5-538C-4233-81F7-1725F31C18F7}.Debug|iPhoneSimulator.Build.0 = Debug|Any CPU
		{E12EEDB5-538C-4233-81F7-1725F31C18F7}.Debug|x64.ActiveCfg = Debug|Any CPU
		{E12EEDB5-538C-4233-81F7-1725F31C18F7}.Debug|x64.Build.0 = Debug|Any CPU
		{E12EEDB5-538C-4233-81F7-1725F31C18F7}.Debug|x86.ActiveCfg = Debug|Any CPU
		{E12EEDB5-538C-4233-81F7-1725F31C18F7}.Debug|x86.Build.0 = Debug|Any CPU
		{E12EEDB5-538C-4233-81F7-1725F31C18F7}.Release|Any CPU.ActiveCfg = Release|Any CPU
		{E12EEDB5-538C-4233-81F7-1725F31C18F7}.Release|Any CPU.Build.0 = Release|Any CPU
		{E12EEDB5-538C-4233-81F7-1725F31C18F7}.Release|ARM.ActiveCfg = Release|Any CPU
		{E12EEDB5-538C-4233-81F7-1725F31C18F7}.Release|ARM.Build.0 = Release|Any CPU
		{E12EEDB5-538C-4233-81F7-1725F31C18F7}.Release|iPhone.ActiveCfg = Release|Any CPU
		{E12EEDB5-538C-4233-81F7-1725F31C18F7}.Release|iPhone.Build.0 = Release|Any CPU
		{E12EEDB5-538C-4233-81F7-1725F31C18F7}.Release|iPhoneSimulator.ActiveCfg = Release|Any CPU
		{E12EEDB5-538C-4233-81F7-1725F31C18F7}.Release|iPhoneSimulator.Build.0 = Release|Any CPU
		{E12EEDB5-538C-4233-81F7-1725F31C18F7}.Release|x64.ActiveCfg = Release|Any CPU
		{E12EEDB5-538C-4233-81F7-1725F31C18F7}.Release|x64.Build.0 = Release|Any CPU
		{E12EEDB5-538C-4233-81F7-1725F31C18F7}.Release|x86.ActiveCfg = Release|Any CPU
		{E12EEDB5-538C-4233-81F7-1725F31C18F7}.Release|x86.Build.0 = Release|Any CPU
		{D3479D25-CB15-4AD2-9452-E3B87065F219}.Ad-Hoc|Any CPU.ActiveCfg = Release|Any CPU
		{D3479D25-CB15-4AD2-9452-E3B87065F219}.Ad-Hoc|Any CPU.Build.0 = Release|Any CPU
		{D3479D25-CB15-4AD2-9452-E3B87065F219}.Ad-Hoc|ARM.ActiveCfg = Release|Any CPU
		{D3479D25-CB15-4AD2-9452-E3B87065F219}.Ad-Hoc|ARM.Build.0 = Release|Any CPU
		{D3479D25-CB15-4AD2-9452-E3B87065F219}.Ad-Hoc|iPhone.ActiveCfg = Release|Any CPU
		{D3479D25-CB15-4AD2-9452-E3B87065F219}.Ad-Hoc|iPhone.Build.0 = Release|Any CPU
		{D3479D25-CB15-4AD2-9452-E3B87065F219}.Ad-Hoc|iPhoneSimulator.ActiveCfg = Release|Any CPU
		{D3479D25-CB15-4AD2-9452-E3B87065F219}.Ad-Hoc|iPhoneSimulator.Build.0 = Release|Any CPU
		{D3479D25-CB15-4AD2-9452-E3B87065F219}.Ad-Hoc|x64.ActiveCfg = Release|Any CPU
		{D3479D25-CB15-4AD2-9452-E3B87065F219}.Ad-Hoc|x64.Build.0 = Release|Any CPU
		{D3479D25-CB15-4AD2-9452-E3B87065F219}.Ad-Hoc|x86.ActiveCfg = Release|Any CPU
		{D3479D25-CB15-4AD2-9452-E3B87065F219}.Ad-Hoc|x86.Build.0 = Release|Any CPU
		{D3479D25-CB15-4AD2-9452-E3B87065F219}.AppStore|Any CPU.ActiveCfg = Release|Any CPU
		{D3479D25-CB15-4AD2-9452-E3B87065F219}.AppStore|Any CPU.Build.0 = Release|Any CPU
		{D3479D25-CB15-4AD2-9452-E3B87065F219}.AppStore|ARM.ActiveCfg = Release|Any CPU
		{D3479D25-CB15-4AD2-9452-E3B87065F219}.AppStore|ARM.Build.0 = Release|Any CPU
		{D3479D25-CB15-4AD2-9452-E3B87065F219}.AppStore|iPhone.ActiveCfg = Release|Any CPU
		{D3479D25-CB15-4AD2-9452-E3B87065F219}.AppStore|iPhone.Build.0 = Release|Any CPU
		{D3479D25-CB15-4AD2-9452-E3B87065F219}.AppStore|iPhoneSimulator.ActiveCfg = Release|Any CPU
		{D3479D25-CB15-4AD2-9452-E3B87065F219}.AppStore|iPhoneSimulator.Build.0 = Release|Any CPU
		{D3479D25-CB15-4AD2-9452-E3B87065F219}.AppStore|x64.ActiveCfg = Release|Any CPU
		{D3479D25-CB15-4AD2-9452-E3B87065F219}.AppStore|x64.Build.0 = Release|Any CPU
		{D3479D25-CB15-4AD2-9452-E3B87065F219}.AppStore|x86.ActiveCfg = Release|Any CPU
		{D3479D25-CB15-4AD2-9452-E3B87065F219}.AppStore|x86.Build.0 = Release|Any CPU
		{D3479D25-CB15-4AD2-9452-E3B87065F219}.Debug|Any CPU.ActiveCfg = Debug|Any CPU
		{D3479D25-CB15-4AD2-9452-E3B87065F219}.Debug|Any CPU.Build.0 = Debug|Any CPU
		{D3479D25-CB15-4AD2-9452-E3B87065F219}.Debug|ARM.ActiveCfg = Debug|Any CPU
		{D3479D25-CB15-4AD2-9452-E3B87065F219}.Debug|ARM.Build.0 = Debug|Any CPU
		{D3479D25-CB15-4AD2-9452-E3B87065F219}.Debug|iPhone.ActiveCfg = Debug|Any CPU
		{D3479D25-CB15-4AD2-9452-E3B87065F219}.Debug|iPhone.Build.0 = Debug|Any CPU
		{D3479D25-CB15-4AD2-9452-E3B87065F219}.Debug|iPhoneSimulator.ActiveCfg = Debug|Any CPU
		{D3479D25-CB15-4AD2-9452-E3B87065F219}.Debug|iPhoneSimulator.Build.0 = Debug|Any CPU
		{D3479D25-CB15-4AD2-9452-E3B87065F219}.Debug|x64.ActiveCfg = Debug|Any CPU
		{D3479D25-CB15-4AD2-9452-E3B87065F219}.Debug|x64.Build.0 = Debug|Any CPU
		{D3479D25-CB15-4AD2-9452-E3B87065F219}.Debug|x86.ActiveCfg = Debug|Any CPU
		{D3479D25-CB15-4AD2-9452-E3B87065F219}.Debug|x86.Build.0 = Debug|Any CPU
		{D3479D25-CB15-4AD2-9452-E3B87065F219}.Release|Any CPU.ActiveCfg = Release|Any CPU
		{D3479D25-CB15-4AD2-9452-E3B87065F219}.Release|Any CPU.Build.0 = Release|Any CPU
		{D3479D25-CB15-4AD2-9452-E3B87065F219}.Release|ARM.ActiveCfg = Release|Any CPU
		{D3479D25-CB15-4AD2-9452-E3B87065F219}.Release|ARM.Build.0 = Release|Any CPU
		{D3479D25-CB15-4AD2-9452-E3B87065F219}.Release|iPhone.ActiveCfg = Release|Any CPU
		{D3479D25-CB15-4AD2-9452-E3B87065F219}.Release|iPhone.Build.0 = Release|Any CPU
		{D3479D25-CB15-4AD2-9452-E3B87065F219}.Release|iPhoneSimulator.ActiveCfg = Release|Any CPU
		{D3479D25-CB15-4AD2-9452-E3B87065F219}.Release|iPhoneSimulator.Build.0 = Release|Any CPU
		{D3479D25-CB15-4AD2-9452-E3B87065F219}.Release|x64.ActiveCfg = Release|Any CPU
		{D3479D25-CB15-4AD2-9452-E3B87065F219}.Release|x64.Build.0 = Release|Any CPU
		{D3479D25-CB15-4AD2-9452-E3B87065F219}.Release|x86.ActiveCfg = Release|Any CPU
		{D3479D25-CB15-4AD2-9452-E3B87065F219}.Release|x86.Build.0 = Release|Any CPU
		{54667AD4-2972-43A2-82D4-97DB1F6DB34F}.Ad-Hoc|Any CPU.ActiveCfg = Release|Any CPU
		{54667AD4-2972-43A2-82D4-97DB1F6DB34F}.Ad-Hoc|Any CPU.Build.0 = Release|Any CPU
		{54667AD4-2972-43A2-82D4-97DB1F6DB34F}.Ad-Hoc|ARM.ActiveCfg = Release|Any CPU
		{54667AD4-2972-43A2-82D4-97DB1F6DB34F}.Ad-Hoc|ARM.Build.0 = Release|Any CPU
		{54667AD4-2972-43A2-82D4-97DB1F6DB34F}.Ad-Hoc|iPhone.ActiveCfg = Release|Any CPU
		{54667AD4-2972-43A2-82D4-97DB1F6DB34F}.Ad-Hoc|iPhone.Build.0 = Release|Any CPU
		{54667AD4-2972-43A2-82D4-97DB1F6DB34F}.Ad-Hoc|iPhoneSimulator.ActiveCfg = Release|Any CPU
		{54667AD4-2972-43A2-82D4-97DB1F6DB34F}.Ad-Hoc|iPhoneSimulator.Build.0 = Release|Any CPU
		{54667AD4-2972-43A2-82D4-97DB1F6DB34F}.Ad-Hoc|x64.ActiveCfg = Release|Any CPU
		{54667AD4-2972-43A2-82D4-97DB1F6DB34F}.Ad-Hoc|x64.Build.0 = Release|Any CPU
		{54667AD4-2972-43A2-82D4-97DB1F6DB34F}.Ad-Hoc|x86.ActiveCfg = Release|Any CPU
		{54667AD4-2972-43A2-82D4-97DB1F6DB34F}.Ad-Hoc|x86.Build.0 = Release|Any CPU
		{54667AD4-2972-43A2-82D4-97DB1F6DB34F}.AppStore|Any CPU.ActiveCfg = Release|Any CPU
		{54667AD4-2972-43A2-82D4-97DB1F6DB34F}.AppStore|Any CPU.Build.0 = Release|Any CPU
		{54667AD4-2972-43A2-82D4-97DB1F6DB34F}.AppStore|ARM.ActiveCfg = Release|Any CPU
		{54667AD4-2972-43A2-82D4-97DB1F6DB34F}.AppStore|ARM.Build.0 = Release|Any CPU
		{54667AD4-2972-43A2-82D4-97DB1F6DB34F}.AppStore|iPhone.ActiveCfg = Release|Any CPU
		{54667AD4-2972-43A2-82D4-97DB1F6DB34F}.AppStore|iPhone.Build.0 = Release|Any CPU
		{54667AD4-2972-43A2-82D4-97DB1F6DB34F}.AppStore|iPhoneSimulator.ActiveCfg = Release|Any CPU
		{54667AD4-2972-43A2-82D4-97DB1F6DB34F}.AppStore|iPhoneSimulator.Build.0 = Release|Any CPU
		{54667AD4-2972-43A2-82D4-97DB1F6DB34F}.AppStore|x64.ActiveCfg = Release|Any CPU
		{54667AD4-2972-43A2-82D4-97DB1F6DB34F}.AppStore|x64.Build.0 = Release|Any CPU
		{54667AD4-2972-43A2-82D4-97DB1F6DB34F}.AppStore|x86.ActiveCfg = Release|Any CPU
		{54667AD4-2972-43A2-82D4-97DB1F6DB34F}.AppStore|x86.Build.0 = Release|Any CPU
		{54667AD4-2972-43A2-82D4-97DB1F6DB34F}.Debug|Any CPU.ActiveCfg = Debug|Any CPU
		{54667AD4-2972-43A2-82D4-97DB1F6DB34F}.Debug|Any CPU.Build.0 = Debug|Any CPU
		{54667AD4-2972-43A2-82D4-97DB1F6DB34F}.Debug|ARM.ActiveCfg = Debug|Any CPU
		{54667AD4-2972-43A2-82D4-97DB1F6DB34F}.Debug|ARM.Build.0 = Debug|Any CPU
		{54667AD4-2972-43A2-82D4-97DB1F6DB34F}.Debug|iPhone.ActiveCfg = Debug|Any CPU
		{54667AD4-2972-43A2-82D4-97DB1F6DB34F}.Debug|iPhone.Build.0 = Debug|Any CPU
		{54667AD4-2972-43A2-82D4-97DB1F6DB34F}.Debug|iPhoneSimulator.ActiveCfg = Debug|Any CPU
		{54667AD4-2972-43A2-82D4-97DB1F6DB34F}.Debug|iPhoneSimulator.Build.0 = Debug|Any CPU
		{54667AD4-2972-43A2-82D4-97DB1F6DB34F}.Debug|x64.ActiveCfg = Debug|Any CPU
		{54667AD4-2972-43A2-82D4-97DB1F6DB34F}.Debug|x64.Build.0 = Debug|Any CPU
		{54667AD4-2972-43A2-82D4-97DB1F6DB34F}.Debug|x86.ActiveCfg = Debug|Any CPU
		{54667AD4-2972-43A2-82D4-97DB1F6DB34F}.Debug|x86.Build.0 = Debug|Any CPU
		{54667AD4-2972-43A2-82D4-97DB1F6DB34F}.Release|Any CPU.ActiveCfg = Release|Any CPU
		{54667AD4-2972-43A2-82D4-97DB1F6DB34F}.Release|Any CPU.Build.0 = Release|Any CPU
		{54667AD4-2972-43A2-82D4-97DB1F6DB34F}.Release|ARM.ActiveCfg = Release|Any CPU
		{54667AD4-2972-43A2-82D4-97DB1F6DB34F}.Release|ARM.Build.0 = Release|Any CPU
		{54667AD4-2972-43A2-82D4-97DB1F6DB34F}.Release|iPhone.ActiveCfg = Release|Any CPU
		{54667AD4-2972-43A2-82D4-97DB1F6DB34F}.Release|iPhone.Build.0 = Release|Any CPU
		{54667AD4-2972-43A2-82D4-97DB1F6DB34F}.Release|iPhoneSimulator.ActiveCfg = Release|Any CPU
		{54667AD4-2972-43A2-82D4-97DB1F6DB34F}.Release|iPhoneSimulator.Build.0 = Release|Any CPU
		{54667AD4-2972-43A2-82D4-97DB1F6DB34F}.Release|x64.ActiveCfg = Release|Any CPU
		{54667AD4-2972-43A2-82D4-97DB1F6DB34F}.Release|x64.Build.0 = Release|Any CPU
		{54667AD4-2972-43A2-82D4-97DB1F6DB34F}.Release|x86.ActiveCfg = Release|Any CPU
		{54667AD4-2972-43A2-82D4-97DB1F6DB34F}.Release|x86.Build.0 = Release|Any CPU
		{7F7CC7E4-B5D4-4083-9BDA-EA257BA705F3}.Ad-Hoc|Any CPU.ActiveCfg = Release|Any CPU
		{7F7CC7E4-B5D4-4083-9BDA-EA257BA705F3}.Ad-Hoc|Any CPU.Build.0 = Release|Any CPU
		{7F7CC7E4-B5D4-4083-9BDA-EA257BA705F3}.Ad-Hoc|ARM.ActiveCfg = Release|Any CPU
		{7F7CC7E4-B5D4-4083-9BDA-EA257BA705F3}.Ad-Hoc|ARM.Build.0 = Release|Any CPU
		{7F7CC7E4-B5D4-4083-9BDA-EA257BA705F3}.Ad-Hoc|iPhone.ActiveCfg = Release|Any CPU
		{7F7CC7E4-B5D4-4083-9BDA-EA257BA705F3}.Ad-Hoc|iPhone.Build.0 = Release|Any CPU
		{7F7CC7E4-B5D4-4083-9BDA-EA257BA705F3}.Ad-Hoc|iPhoneSimulator.ActiveCfg = Release|Any CPU
		{7F7CC7E4-B5D4-4083-9BDA-EA257BA705F3}.Ad-Hoc|iPhoneSimulator.Build.0 = Release|Any CPU
		{7F7CC7E4-B5D4-4083-9BDA-EA257BA705F3}.Ad-Hoc|x64.ActiveCfg = Release|Any CPU
		{7F7CC7E4-B5D4-4083-9BDA-EA257BA705F3}.Ad-Hoc|x64.Build.0 = Release|Any CPU
		{7F7CC7E4-B5D4-4083-9BDA-EA257BA705F3}.Ad-Hoc|x86.ActiveCfg = Release|Any CPU
		{7F7CC7E4-B5D4-4083-9BDA-EA257BA705F3}.Ad-Hoc|x86.Build.0 = Release|Any CPU
		{7F7CC7E4-B5D4-4083-9BDA-EA257BA705F3}.AppStore|Any CPU.ActiveCfg = Release|Any CPU
		{7F7CC7E4-B5D4-4083-9BDA-EA257BA705F3}.AppStore|Any CPU.Build.0 = Release|Any CPU
		{7F7CC7E4-B5D4-4083-9BDA-EA257BA705F3}.AppStore|ARM.ActiveCfg = Release|Any CPU
		{7F7CC7E4-B5D4-4083-9BDA-EA257BA705F3}.AppStore|ARM.Build.0 = Release|Any CPU
		{7F7CC7E4-B5D4-4083-9BDA-EA257BA705F3}.AppStore|iPhone.ActiveCfg = Release|Any CPU
		{7F7CC7E4-B5D4-4083-9BDA-EA257BA705F3}.AppStore|iPhone.Build.0 = Release|Any CPU
		{7F7CC7E4-B5D4-4083-9BDA-EA257BA705F3}.AppStore|iPhoneSimulator.ActiveCfg = Release|Any CPU
		{7F7CC7E4-B5D4-4083-9BDA-EA257BA705F3}.AppStore|iPhoneSimulator.Build.0 = Release|Any CPU
		{7F7CC7E4-B5D4-4083-9BDA-EA257BA705F3}.AppStore|x64.ActiveCfg = Release|Any CPU
		{7F7CC7E4-B5D4-4083-9BDA-EA257BA705F3}.AppStore|x64.Build.0 = Release|Any CPU
		{7F7CC7E4-B5D4-4083-9BDA-EA257BA705F3}.AppStore|x86.ActiveCfg = Release|Any CPU
		{7F7CC7E4-B5D4-4083-9BDA-EA257BA705F3}.AppStore|x86.Build.0 = Release|Any CPU
		{7F7CC7E4-B5D4-4083-9BDA-EA257BA705F3}.Debug|Any CPU.ActiveCfg = Debug|Any CPU
		{7F7CC7E4-B5D4-4083-9BDA-EA257BA705F3}.Debug|Any CPU.Build.0 = Debug|Any CPU
		{7F7CC7E4-B5D4-4083-9BDA-EA257BA705F3}.Debug|ARM.ActiveCfg = Debug|Any CPU
		{7F7CC7E4-B5D4-4083-9BDA-EA257BA705F3}.Debug|ARM.Build.0 = Debug|Any CPU
		{7F7CC7E4-B5D4-4083-9BDA-EA257BA705F3}.Debug|iPhone.ActiveCfg = Debug|Any CPU
		{7F7CC7E4-B5D4-4083-9BDA-EA257BA705F3}.Debug|iPhone.Build.0 = Debug|Any CPU
		{7F7CC7E4-B5D4-4083-9BDA-EA257BA705F3}.Debug|iPhoneSimulator.ActiveCfg = Debug|Any CPU
		{7F7CC7E4-B5D4-4083-9BDA-EA257BA705F3}.Debug|iPhoneSimulator.Build.0 = Debug|Any CPU
		{7F7CC7E4-B5D4-4083-9BDA-EA257BA705F3}.Debug|x64.ActiveCfg = Debug|Any CPU
		{7F7CC7E4-B5D4-4083-9BDA-EA257BA705F3}.Debug|x64.Build.0 = Debug|Any CPU
		{7F7CC7E4-B5D4-4083-9BDA-EA257BA705F3}.Debug|x86.ActiveCfg = Debug|Any CPU
		{7F7CC7E4-B5D4-4083-9BDA-EA257BA705F3}.Debug|x86.Build.0 = Debug|Any CPU
		{7F7CC7E4-B5D4-4083-9BDA-EA257BA705F3}.Release|Any CPU.ActiveCfg = Release|Any CPU
		{7F7CC7E4-B5D4-4083-9BDA-EA257BA705F3}.Release|Any CPU.Build.0 = Release|Any CPU
		{7F7CC7E4-B5D4-4083-9BDA-EA257BA705F3}.Release|ARM.ActiveCfg = Release|Any CPU
		{7F7CC7E4-B5D4-4083-9BDA-EA257BA705F3}.Release|ARM.Build.0 = Release|Any CPU
		{7F7CC7E4-B5D4-4083-9BDA-EA257BA705F3}.Release|iPhone.ActiveCfg = Release|Any CPU
		{7F7CC7E4-B5D4-4083-9BDA-EA257BA705F3}.Release|iPhone.Build.0 = Release|Any CPU
		{7F7CC7E4-B5D4-4083-9BDA-EA257BA705F3}.Release|iPhoneSimulator.ActiveCfg = Release|Any CPU
		{7F7CC7E4-B5D4-4083-9BDA-EA257BA705F3}.Release|iPhoneSimulator.Build.0 = Release|Any CPU
		{7F7CC7E4-B5D4-4083-9BDA-EA257BA705F3}.Release|x64.ActiveCfg = Release|Any CPU
		{7F7CC7E4-B5D4-4083-9BDA-EA257BA705F3}.Release|x64.Build.0 = Release|Any CPU
		{7F7CC7E4-B5D4-4083-9BDA-EA257BA705F3}.Release|x86.ActiveCfg = Release|Any CPU
		{7F7CC7E4-B5D4-4083-9BDA-EA257BA705F3}.Release|x86.Build.0 = Release|Any CPU
		{9EDA89A1-6D88-450D-BF91-DC0FE1DE9606}.Ad-Hoc|Any CPU.ActiveCfg = Release|Any CPU
		{9EDA89A1-6D88-450D-BF91-DC0FE1DE9606}.Ad-Hoc|Any CPU.Build.0 = Release|Any CPU
		{9EDA89A1-6D88-450D-BF91-DC0FE1DE9606}.Ad-Hoc|ARM.ActiveCfg = Release|Any CPU
		{9EDA89A1-6D88-450D-BF91-DC0FE1DE9606}.Ad-Hoc|ARM.Build.0 = Release|Any CPU
		{9EDA89A1-6D88-450D-BF91-DC0FE1DE9606}.Ad-Hoc|iPhone.ActiveCfg = Release|Any CPU
		{9EDA89A1-6D88-450D-BF91-DC0FE1DE9606}.Ad-Hoc|iPhone.Build.0 = Release|Any CPU
		{9EDA89A1-6D88-450D-BF91-DC0FE1DE9606}.Ad-Hoc|iPhoneSimulator.ActiveCfg = Release|Any CPU
		{9EDA89A1-6D88-450D-BF91-DC0FE1DE9606}.Ad-Hoc|iPhoneSimulator.Build.0 = Release|Any CPU
		{9EDA89A1-6D88-450D-BF91-DC0FE1DE9606}.Ad-Hoc|x64.ActiveCfg = Release|Any CPU
		{9EDA89A1-6D88-450D-BF91-DC0FE1DE9606}.Ad-Hoc|x64.Build.0 = Release|Any CPU
		{9EDA89A1-6D88-450D-BF91-DC0FE1DE9606}.Ad-Hoc|x86.ActiveCfg = Release|Any CPU
		{9EDA89A1-6D88-450D-BF91-DC0FE1DE9606}.Ad-Hoc|x86.Build.0 = Release|Any CPU
		{9EDA89A1-6D88-450D-BF91-DC0FE1DE9606}.AppStore|Any CPU.ActiveCfg = Release|Any CPU
		{9EDA89A1-6D88-450D-BF91-DC0FE1DE9606}.AppStore|Any CPU.Build.0 = Release|Any CPU
		{9EDA89A1-6D88-450D-BF91-DC0FE1DE9606}.AppStore|ARM.ActiveCfg = Release|Any CPU
		{9EDA89A1-6D88-450D-BF91-DC0FE1DE9606}.AppStore|ARM.Build.0 = Release|Any CPU
		{9EDA89A1-6D88-450D-BF91-DC0FE1DE9606}.AppStore|iPhone.ActiveCfg = Release|Any CPU
		{9EDA89A1-6D88-450D-BF91-DC0FE1DE9606}.AppStore|iPhone.Build.0 = Release|Any CPU
		{9EDA89A1-6D88-450D-BF91-DC0FE1DE9606}.AppStore|iPhoneSimulator.ActiveCfg = Release|Any CPU
		{9EDA89A1-6D88-450D-BF91-DC0FE1DE9606}.AppStore|iPhoneSimulator.Build.0 = Release|Any CPU
		{9EDA89A1-6D88-450D-BF91-DC0FE1DE9606}.AppStore|x64.ActiveCfg = Release|Any CPU
		{9EDA89A1-6D88-450D-BF91-DC0FE1DE9606}.AppStore|x64.Build.0 = Release|Any CPU
		{9EDA89A1-6D88-450D-BF91-DC0FE1DE9606}.AppStore|x86.ActiveCfg = Release|Any CPU
		{9EDA89A1-6D88-450D-BF91-DC0FE1DE9606}.AppStore|x86.Build.0 = Release|Any CPU
		{9EDA89A1-6D88-450D-BF91-DC0FE1DE9606}.Debug|Any CPU.ActiveCfg = Debug|Any CPU
		{9EDA89A1-6D88-450D-BF91-DC0FE1DE9606}.Debug|Any CPU.Build.0 = Debug|Any CPU
		{9EDA89A1-6D88-450D-BF91-DC0FE1DE9606}.Debug|ARM.ActiveCfg = Debug|Any CPU
		{9EDA89A1-6D88-450D-BF91-DC0FE1DE9606}.Debug|ARM.Build.0 = Debug|Any CPU
		{9EDA89A1-6D88-450D-BF91-DC0FE1DE9606}.Debug|iPhone.ActiveCfg = Debug|Any CPU
		{9EDA89A1-6D88-450D-BF91-DC0FE1DE9606}.Debug|iPhone.Build.0 = Debug|Any CPU
		{9EDA89A1-6D88-450D-BF91-DC0FE1DE9606}.Debug|iPhoneSimulator.ActiveCfg = Debug|Any CPU
		{9EDA89A1-6D88-450D-BF91-DC0FE1DE9606}.Debug|iPhoneSimulator.Build.0 = Debug|Any CPU
		{9EDA89A1-6D88-450D-BF91-DC0FE1DE9606}.Debug|x64.ActiveCfg = Debug|Any CPU
		{9EDA89A1-6D88-450D-BF91-DC0FE1DE9606}.Debug|x64.Build.0 = Debug|Any CPU
		{9EDA89A1-6D88-450D-BF91-DC0FE1DE9606}.Debug|x86.ActiveCfg = Debug|Any CPU
		{9EDA89A1-6D88-450D-BF91-DC0FE1DE9606}.Debug|x86.Build.0 = Debug|Any CPU
		{9EDA89A1-6D88-450D-BF91-DC0FE1DE9606}.Release|Any CPU.ActiveCfg = Release|Any CPU
		{9EDA89A1-6D88-450D-BF91-DC0FE1DE9606}.Release|Any CPU.Build.0 = Release|Any CPU
		{9EDA89A1-6D88-450D-BF91-DC0FE1DE9606}.Release|ARM.ActiveCfg = Release|Any CPU
		{9EDA89A1-6D88-450D-BF91-DC0FE1DE9606}.Release|ARM.Build.0 = Release|Any CPU
		{9EDA89A1-6D88-450D-BF91-DC0FE1DE9606}.Release|iPhone.ActiveCfg = Release|Any CPU
		{9EDA89A1-6D88-450D-BF91-DC0FE1DE9606}.Release|iPhone.Build.0 = Release|Any CPU
		{9EDA89A1-6D88-450D-BF91-DC0FE1DE9606}.Release|iPhoneSimulator.ActiveCfg = Release|Any CPU
		{9EDA89A1-6D88-450D-BF91-DC0FE1DE9606}.Release|iPhoneSimulator.Build.0 = Release|Any CPU
		{9EDA89A1-6D88-450D-BF91-DC0FE1DE9606}.Release|x64.ActiveCfg = Release|Any CPU
		{9EDA89A1-6D88-450D-BF91-DC0FE1DE9606}.Release|x64.Build.0 = Release|Any CPU
		{9EDA89A1-6D88-450D-BF91-DC0FE1DE9606}.Release|x86.ActiveCfg = Release|Any CPU
		{9EDA89A1-6D88-450D-BF91-DC0FE1DE9606}.Release|x86.Build.0 = Release|Any CPU
		{50DAEE43-98D2-45E0-9EFD-548F086E2905}.Ad-Hoc|Any CPU.ActiveCfg = Release|Any CPU
		{50DAEE43-98D2-45E0-9EFD-548F086E2905}.Ad-Hoc|Any CPU.Build.0 = Release|Any CPU
		{50DAEE43-98D2-45E0-9EFD-548F086E2905}.Ad-Hoc|ARM.ActiveCfg = Release|Any CPU
		{50DAEE43-98D2-45E0-9EFD-548F086E2905}.Ad-Hoc|ARM.Build.0 = Release|Any CPU
		{50DAEE43-98D2-45E0-9EFD-548F086E2905}.Ad-Hoc|iPhone.ActiveCfg = Release|Any CPU
		{50DAEE43-98D2-45E0-9EFD-548F086E2905}.Ad-Hoc|iPhone.Build.0 = Release|Any CPU
		{50DAEE43-98D2-45E0-9EFD-548F086E2905}.Ad-Hoc|iPhoneSimulator.ActiveCfg = Release|Any CPU
		{50DAEE43-98D2-45E0-9EFD-548F086E2905}.Ad-Hoc|iPhoneSimulator.Build.0 = Release|Any CPU
		{50DAEE43-98D2-45E0-9EFD-548F086E2905}.Ad-Hoc|x64.ActiveCfg = Release|Any CPU
		{50DAEE43-98D2-45E0-9EFD-548F086E2905}.Ad-Hoc|x64.Build.0 = Release|Any CPU
		{50DAEE43-98D2-45E0-9EFD-548F086E2905}.Ad-Hoc|x86.ActiveCfg = Release|Any CPU
		{50DAEE43-98D2-45E0-9EFD-548F086E2905}.Ad-Hoc|x86.Build.0 = Release|Any CPU
		{50DAEE43-98D2-45E0-9EFD-548F086E2905}.AppStore|Any CPU.ActiveCfg = Release|Any CPU
		{50DAEE43-98D2-45E0-9EFD-548F086E2905}.AppStore|Any CPU.Build.0 = Release|Any CPU
		{50DAEE43-98D2-45E0-9EFD-548F086E2905}.AppStore|ARM.ActiveCfg = Release|Any CPU
		{50DAEE43-98D2-45E0-9EFD-548F086E2905}.AppStore|ARM.Build.0 = Release|Any CPU
		{50DAEE43-98D2-45E0-9EFD-548F086E2905}.AppStore|iPhone.ActiveCfg = Release|Any CPU
		{50DAEE43-98D2-45E0-9EFD-548F086E2905}.AppStore|iPhone.Build.0 = Release|Any CPU
		{50DAEE43-98D2-45E0-9EFD-548F086E2905}.AppStore|iPhoneSimulator.ActiveCfg = Release|Any CPU
		{50DAEE43-98D2-45E0-9EFD-548F086E2905}.AppStore|iPhoneSimulator.Build.0 = Release|Any CPU
		{50DAEE43-98D2-45E0-9EFD-548F086E2905}.AppStore|x64.ActiveCfg = Release|Any CPU
		{50DAEE43-98D2-45E0-9EFD-548F086E2905}.AppStore|x64.Build.0 = Release|Any CPU
		{50DAEE43-98D2-45E0-9EFD-548F086E2905}.AppStore|x86.ActiveCfg = Release|Any CPU
		{50DAEE43-98D2-45E0-9EFD-548F086E2905}.AppStore|x86.Build.0 = Release|Any CPU
		{50DAEE43-98D2-45E0-9EFD-548F086E2905}.Debug|Any CPU.ActiveCfg = Debug|Any CPU
		{50DAEE43-98D2-45E0-9EFD-548F086E2905}.Debug|Any CPU.Build.0 = Debug|Any CPU
		{50DAEE43-98D2-45E0-9EFD-548F086E2905}.Debug|ARM.ActiveCfg = Debug|Any CPU
		{50DAEE43-98D2-45E0-9EFD-548F086E2905}.Debug|ARM.Build.0 = Debug|Any CPU
		{50DAEE43-98D2-45E0-9EFD-548F086E2905}.Debug|iPhone.ActiveCfg = Debug|Any CPU
		{50DAEE43-98D2-45E0-9EFD-548F086E2905}.Debug|iPhone.Build.0 = Debug|Any CPU
		{50DAEE43-98D2-45E0-9EFD-548F086E2905}.Debug|iPhoneSimulator.ActiveCfg = Debug|Any CPU
		{50DAEE43-98D2-45E0-9EFD-548F086E2905}.Debug|iPhoneSimulator.Build.0 = Debug|Any CPU
		{50DAEE43-98D2-45E0-9EFD-548F086E2905}.Debug|x64.ActiveCfg = Debug|Any CPU
		{50DAEE43-98D2-45E0-9EFD-548F086E2905}.Debug|x64.Build.0 = Debug|Any CPU
		{50DAEE43-98D2-45E0-9EFD-548F086E2905}.Debug|x86.ActiveCfg = Debug|Any CPU
		{50DAEE43-98D2-45E0-9EFD-548F086E2905}.Debug|x86.Build.0 = Debug|Any CPU
		{50DAEE43-98D2-45E0-9EFD-548F086E2905}.Release|Any CPU.ActiveCfg = Release|Any CPU
		{50DAEE43-98D2-45E0-9EFD-548F086E2905}.Release|Any CPU.Build.0 = Release|Any CPU
		{50DAEE43-98D2-45E0-9EFD-548F086E2905}.Release|ARM.ActiveCfg = Release|Any CPU
		{50DAEE43-98D2-45E0-9EFD-548F086E2905}.Release|ARM.Build.0 = Release|Any CPU
		{50DAEE43-98D2-45E0-9EFD-548F086E2905}.Release|iPhone.ActiveCfg = Release|Any CPU
		{50DAEE43-98D2-45E0-9EFD-548F086E2905}.Release|iPhone.Build.0 = Release|Any CPU
		{50DAEE43-98D2-45E0-9EFD-548F086E2905}.Release|iPhoneSimulator.ActiveCfg = Release|Any CPU
		{50DAEE43-98D2-45E0-9EFD-548F086E2905}.Release|iPhoneSimulator.Build.0 = Release|Any CPU
		{50DAEE43-98D2-45E0-9EFD-548F086E2905}.Release|x64.ActiveCfg = Release|Any CPU
		{50DAEE43-98D2-45E0-9EFD-548F086E2905}.Release|x64.Build.0 = Release|Any CPU
		{50DAEE43-98D2-45E0-9EFD-548F086E2905}.Release|x86.ActiveCfg = Release|Any CPU
		{50DAEE43-98D2-45E0-9EFD-548F086E2905}.Release|x86.Build.0 = Release|Any CPU
		{75E75175-4664-4585-9836-B64A706FCECE}.Ad-Hoc|Any CPU.ActiveCfg = Release|Any CPU
		{75E75175-4664-4585-9836-B64A706FCECE}.Ad-Hoc|Any CPU.Build.0 = Release|Any CPU
		{75E75175-4664-4585-9836-B64A706FCECE}.Ad-Hoc|Any CPU.Deploy.0 = Release|Any CPU
		{75E75175-4664-4585-9836-B64A706FCECE}.Ad-Hoc|ARM.ActiveCfg = Release|Any CPU
		{75E75175-4664-4585-9836-B64A706FCECE}.Ad-Hoc|ARM.Build.0 = Release|Any CPU
		{75E75175-4664-4585-9836-B64A706FCECE}.Ad-Hoc|ARM.Deploy.0 = Release|Any CPU
		{75E75175-4664-4585-9836-B64A706FCECE}.Ad-Hoc|iPhone.ActiveCfg = Release|Any CPU
		{75E75175-4664-4585-9836-B64A706FCECE}.Ad-Hoc|iPhone.Build.0 = Release|Any CPU
		{75E75175-4664-4585-9836-B64A706FCECE}.Ad-Hoc|iPhone.Deploy.0 = Release|Any CPU
		{75E75175-4664-4585-9836-B64A706FCECE}.Ad-Hoc|iPhoneSimulator.ActiveCfg = Release|Any CPU
		{75E75175-4664-4585-9836-B64A706FCECE}.Ad-Hoc|iPhoneSimulator.Build.0 = Release|Any CPU
		{75E75175-4664-4585-9836-B64A706FCECE}.Ad-Hoc|iPhoneSimulator.Deploy.0 = Release|Any CPU
		{75E75175-4664-4585-9836-B64A706FCECE}.Ad-Hoc|x64.ActiveCfg = Release|Any CPU
		{75E75175-4664-4585-9836-B64A706FCECE}.Ad-Hoc|x64.Build.0 = Release|Any CPU
		{75E75175-4664-4585-9836-B64A706FCECE}.Ad-Hoc|x64.Deploy.0 = Release|Any CPU
		{75E75175-4664-4585-9836-B64A706FCECE}.Ad-Hoc|x86.ActiveCfg = Release|Any CPU
		{75E75175-4664-4585-9836-B64A706FCECE}.Ad-Hoc|x86.Build.0 = Release|Any CPU
		{75E75175-4664-4585-9836-B64A706FCECE}.Ad-Hoc|x86.Deploy.0 = Release|Any CPU
		{75E75175-4664-4585-9836-B64A706FCECE}.AppStore|Any CPU.ActiveCfg = Release|Any CPU
		{75E75175-4664-4585-9836-B64A706FCECE}.AppStore|Any CPU.Build.0 = Release|Any CPU
		{75E75175-4664-4585-9836-B64A706FCECE}.AppStore|Any CPU.Deploy.0 = Release|Any CPU
		{75E75175-4664-4585-9836-B64A706FCECE}.AppStore|ARM.ActiveCfg = Release|Any CPU
		{75E75175-4664-4585-9836-B64A706FCECE}.AppStore|ARM.Build.0 = Release|Any CPU
		{75E75175-4664-4585-9836-B64A706FCECE}.AppStore|ARM.Deploy.0 = Release|Any CPU
		{75E75175-4664-4585-9836-B64A706FCECE}.AppStore|iPhone.ActiveCfg = Release|Any CPU
		{75E75175-4664-4585-9836-B64A706FCECE}.AppStore|iPhone.Build.0 = Release|Any CPU
		{75E75175-4664-4585-9836-B64A706FCECE}.AppStore|iPhone.Deploy.0 = Release|Any CPU
		{75E75175-4664-4585-9836-B64A706FCECE}.AppStore|iPhoneSimulator.ActiveCfg = Release|Any CPU
		{75E75175-4664-4585-9836-B64A706FCECE}.AppStore|iPhoneSimulator.Build.0 = Release|Any CPU
		{75E75175-4664-4585-9836-B64A706FCECE}.AppStore|iPhoneSimulator.Deploy.0 = Release|Any CPU
		{75E75175-4664-4585-9836-B64A706FCECE}.AppStore|x64.ActiveCfg = Release|Any CPU
		{75E75175-4664-4585-9836-B64A706FCECE}.AppStore|x64.Build.0 = Release|Any CPU
		{75E75175-4664-4585-9836-B64A706FCECE}.AppStore|x64.Deploy.0 = Release|Any CPU
		{75E75175-4664-4585-9836-B64A706FCECE}.AppStore|x86.ActiveCfg = Release|Any CPU
		{75E75175-4664-4585-9836-B64A706FCECE}.AppStore|x86.Build.0 = Release|Any CPU
		{75E75175-4664-4585-9836-B64A706FCECE}.AppStore|x86.Deploy.0 = Release|Any CPU
		{75E75175-4664-4585-9836-B64A706FCECE}.Debug|Any CPU.ActiveCfg = Debug|Any CPU
		{75E75175-4664-4585-9836-B64A706FCECE}.Debug|Any CPU.Build.0 = Debug|Any CPU
		{75E75175-4664-4585-9836-B64A706FCECE}.Debug|Any CPU.Deploy.0 = Debug|Any CPU
		{75E75175-4664-4585-9836-B64A706FCECE}.Debug|ARM.ActiveCfg = Debug|Any CPU
		{75E75175-4664-4585-9836-B64A706FCECE}.Debug|ARM.Build.0 = Debug|Any CPU
		{75E75175-4664-4585-9836-B64A706FCECE}.Debug|ARM.Deploy.0 = Debug|Any CPU
		{75E75175-4664-4585-9836-B64A706FCECE}.Debug|iPhone.ActiveCfg = Debug|Any CPU
		{75E75175-4664-4585-9836-B64A706FCECE}.Debug|iPhone.Build.0 = Debug|Any CPU
		{75E75175-4664-4585-9836-B64A706FCECE}.Debug|iPhone.Deploy.0 = Debug|Any CPU
		{75E75175-4664-4585-9836-B64A706FCECE}.Debug|iPhoneSimulator.ActiveCfg = Debug|Any CPU
		{75E75175-4664-4585-9836-B64A706FCECE}.Debug|iPhoneSimulator.Build.0 = Debug|Any CPU
		{75E75175-4664-4585-9836-B64A706FCECE}.Debug|iPhoneSimulator.Deploy.0 = Debug|Any CPU
		{75E75175-4664-4585-9836-B64A706FCECE}.Debug|x64.ActiveCfg = Debug|Any CPU
		{75E75175-4664-4585-9836-B64A706FCECE}.Debug|x64.Build.0 = Debug|Any CPU
		{75E75175-4664-4585-9836-B64A706FCECE}.Debug|x64.Deploy.0 = Debug|Any CPU
		{75E75175-4664-4585-9836-B64A706FCECE}.Debug|x86.ActiveCfg = Debug|Any CPU
		{75E75175-4664-4585-9836-B64A706FCECE}.Debug|x86.Build.0 = Debug|Any CPU
		{75E75175-4664-4585-9836-B64A706FCECE}.Debug|x86.Deploy.0 = Debug|Any CPU
		{75E75175-4664-4585-9836-B64A706FCECE}.Release|Any CPU.ActiveCfg = Release|Any CPU
		{75E75175-4664-4585-9836-B64A706FCECE}.Release|Any CPU.Build.0 = Release|Any CPU
		{75E75175-4664-4585-9836-B64A706FCECE}.Release|Any CPU.Deploy.0 = Release|Any CPU
		{75E75175-4664-4585-9836-B64A706FCECE}.Release|ARM.ActiveCfg = Release|Any CPU
		{75E75175-4664-4585-9836-B64A706FCECE}.Release|ARM.Build.0 = Release|Any CPU
		{75E75175-4664-4585-9836-B64A706FCECE}.Release|ARM.Deploy.0 = Release|Any CPU
		{75E75175-4664-4585-9836-B64A706FCECE}.Release|iPhone.ActiveCfg = Release|Any CPU
		{75E75175-4664-4585-9836-B64A706FCECE}.Release|iPhone.Build.0 = Release|Any CPU
		{75E75175-4664-4585-9836-B64A706FCECE}.Release|iPhone.Deploy.0 = Release|Any CPU
		{75E75175-4664-4585-9836-B64A706FCECE}.Release|iPhoneSimulator.ActiveCfg = Release|Any CPU
		{75E75175-4664-4585-9836-B64A706FCECE}.Release|iPhoneSimulator.Build.0 = Release|Any CPU
		{75E75175-4664-4585-9836-B64A706FCECE}.Release|iPhoneSimulator.Deploy.0 = Release|Any CPU
		{75E75175-4664-4585-9836-B64A706FCECE}.Release|x64.ActiveCfg = Release|Any CPU
		{75E75175-4664-4585-9836-B64A706FCECE}.Release|x64.Build.0 = Release|Any CPU
		{75E75175-4664-4585-9836-B64A706FCECE}.Release|x64.Deploy.0 = Release|Any CPU
		{75E75175-4664-4585-9836-B64A706FCECE}.Release|x86.ActiveCfg = Release|Any CPU
		{75E75175-4664-4585-9836-B64A706FCECE}.Release|x86.Build.0 = Release|Any CPU
		{75E75175-4664-4585-9836-B64A706FCECE}.Release|x86.Deploy.0 = Release|Any CPU
		{ECB4753C-1AB4-46DF-A0E5-B49C35EAC2A4}.Ad-Hoc|Any CPU.ActiveCfg = Ad-Hoc|iPhone
		{ECB4753C-1AB4-46DF-A0E5-B49C35EAC2A4}.Ad-Hoc|ARM.ActiveCfg = Ad-Hoc|iPhone
		{ECB4753C-1AB4-46DF-A0E5-B49C35EAC2A4}.Ad-Hoc|iPhone.ActiveCfg = Ad-Hoc|iPhone
		{ECB4753C-1AB4-46DF-A0E5-B49C35EAC2A4}.Ad-Hoc|iPhone.Build.0 = Ad-Hoc|iPhone
		{ECB4753C-1AB4-46DF-A0E5-B49C35EAC2A4}.Ad-Hoc|iPhoneSimulator.ActiveCfg = Ad-Hoc|iPhoneSimulator
		{ECB4753C-1AB4-46DF-A0E5-B49C35EAC2A4}.Ad-Hoc|iPhoneSimulator.Build.0 = Ad-Hoc|iPhoneSimulator
		{ECB4753C-1AB4-46DF-A0E5-B49C35EAC2A4}.Ad-Hoc|x64.ActiveCfg = Ad-Hoc|iPhone
		{ECB4753C-1AB4-46DF-A0E5-B49C35EAC2A4}.Ad-Hoc|x86.ActiveCfg = Ad-Hoc|iPhone
		{ECB4753C-1AB4-46DF-A0E5-B49C35EAC2A4}.AppStore|Any CPU.ActiveCfg = AppStore|iPhone
		{ECB4753C-1AB4-46DF-A0E5-B49C35EAC2A4}.AppStore|ARM.ActiveCfg = AppStore|iPhone
		{ECB4753C-1AB4-46DF-A0E5-B49C35EAC2A4}.AppStore|iPhone.ActiveCfg = AppStore|iPhone
		{ECB4753C-1AB4-46DF-A0E5-B49C35EAC2A4}.AppStore|iPhone.Build.0 = AppStore|iPhone
		{ECB4753C-1AB4-46DF-A0E5-B49C35EAC2A4}.AppStore|iPhoneSimulator.ActiveCfg = AppStore|iPhoneSimulator
		{ECB4753C-1AB4-46DF-A0E5-B49C35EAC2A4}.AppStore|iPhoneSimulator.Build.0 = AppStore|iPhoneSimulator
		{ECB4753C-1AB4-46DF-A0E5-B49C35EAC2A4}.AppStore|x64.ActiveCfg = AppStore|iPhone
		{ECB4753C-1AB4-46DF-A0E5-B49C35EAC2A4}.AppStore|x86.ActiveCfg = AppStore|iPhone
		{ECB4753C-1AB4-46DF-A0E5-B49C35EAC2A4}.Debug|Any CPU.ActiveCfg = Debug|iPhone
		{ECB4753C-1AB4-46DF-A0E5-B49C35EAC2A4}.Debug|ARM.ActiveCfg = Debug|iPhone
		{ECB4753C-1AB4-46DF-A0E5-B49C35EAC2A4}.Debug|iPhone.ActiveCfg = Debug|iPhone
		{ECB4753C-1AB4-46DF-A0E5-B49C35EAC2A4}.Debug|iPhone.Build.0 = Debug|iPhone
		{ECB4753C-1AB4-46DF-A0E5-B49C35EAC2A4}.Debug|iPhoneSimulator.ActiveCfg = Debug|iPhoneSimulator
		{ECB4753C-1AB4-46DF-A0E5-B49C35EAC2A4}.Debug|iPhoneSimulator.Build.0 = Debug|iPhoneSimulator
		{ECB4753C-1AB4-46DF-A0E5-B49C35EAC2A4}.Debug|x64.ActiveCfg = Debug|iPhone
		{ECB4753C-1AB4-46DF-A0E5-B49C35EAC2A4}.Debug|x86.ActiveCfg = Debug|iPhone
		{ECB4753C-1AB4-46DF-A0E5-B49C35EAC2A4}.Release|Any CPU.ActiveCfg = Release|iPhone
		{ECB4753C-1AB4-46DF-A0E5-B49C35EAC2A4}.Release|ARM.ActiveCfg = Release|iPhone
		{ECB4753C-1AB4-46DF-A0E5-B49C35EAC2A4}.Release|iPhone.ActiveCfg = Release|iPhone
		{ECB4753C-1AB4-46DF-A0E5-B49C35EAC2A4}.Release|iPhone.Build.0 = Release|iPhone
		{ECB4753C-1AB4-46DF-A0E5-B49C35EAC2A4}.Release|iPhoneSimulator.ActiveCfg = Release|iPhoneSimulator
		{ECB4753C-1AB4-46DF-A0E5-B49C35EAC2A4}.Release|iPhoneSimulator.Build.0 = Release|iPhoneSimulator
		{ECB4753C-1AB4-46DF-A0E5-B49C35EAC2A4}.Release|x64.ActiveCfg = Release|iPhone
		{ECB4753C-1AB4-46DF-A0E5-B49C35EAC2A4}.Release|x86.ActiveCfg = Release|iPhone
		{573E9A7F-C406-4102-987E-92E3E0583DD5}.Ad-Hoc|Any CPU.ActiveCfg = Release|Any CPU
		{573E9A7F-C406-4102-987E-92E3E0583DD5}.Ad-Hoc|Any CPU.Build.0 = Release|Any CPU
		{573E9A7F-C406-4102-987E-92E3E0583DD5}.Ad-Hoc|ARM.ActiveCfg = Release|Any CPU
		{573E9A7F-C406-4102-987E-92E3E0583DD5}.Ad-Hoc|ARM.Build.0 = Release|Any CPU
		{573E9A7F-C406-4102-987E-92E3E0583DD5}.Ad-Hoc|iPhone.ActiveCfg = Release|Any CPU
		{573E9A7F-C406-4102-987E-92E3E0583DD5}.Ad-Hoc|iPhone.Build.0 = Release|Any CPU
		{573E9A7F-C406-4102-987E-92E3E0583DD5}.Ad-Hoc|iPhoneSimulator.ActiveCfg = Release|Any CPU
		{573E9A7F-C406-4102-987E-92E3E0583DD5}.Ad-Hoc|iPhoneSimulator.Build.0 = Release|Any CPU
		{573E9A7F-C406-4102-987E-92E3E0583DD5}.Ad-Hoc|x64.ActiveCfg = Release|Any CPU
		{573E9A7F-C406-4102-987E-92E3E0583DD5}.Ad-Hoc|x64.Build.0 = Release|Any CPU
		{573E9A7F-C406-4102-987E-92E3E0583DD5}.Ad-Hoc|x86.ActiveCfg = Release|Any CPU
		{573E9A7F-C406-4102-987E-92E3E0583DD5}.Ad-Hoc|x86.Build.0 = Release|Any CPU
		{573E9A7F-C406-4102-987E-92E3E0583DD5}.AppStore|Any CPU.ActiveCfg = Release|Any CPU
		{573E9A7F-C406-4102-987E-92E3E0583DD5}.AppStore|Any CPU.Build.0 = Release|Any CPU
		{573E9A7F-C406-4102-987E-92E3E0583DD5}.AppStore|ARM.ActiveCfg = Release|Any CPU
		{573E9A7F-C406-4102-987E-92E3E0583DD5}.AppStore|ARM.Build.0 = Release|Any CPU
		{573E9A7F-C406-4102-987E-92E3E0583DD5}.AppStore|iPhone.ActiveCfg = Release|Any CPU
		{573E9A7F-C406-4102-987E-92E3E0583DD5}.AppStore|iPhone.Build.0 = Release|Any CPU
		{573E9A7F-C406-4102-987E-92E3E0583DD5}.AppStore|iPhoneSimulator.ActiveCfg = Release|Any CPU
		{573E9A7F-C406-4102-987E-92E3E0583DD5}.AppStore|iPhoneSimulator.Build.0 = Release|Any CPU
		{573E9A7F-C406-4102-987E-92E3E0583DD5}.AppStore|x64.ActiveCfg = Release|Any CPU
		{573E9A7F-C406-4102-987E-92E3E0583DD5}.AppStore|x64.Build.0 = Release|Any CPU
		{573E9A7F-C406-4102-987E-92E3E0583DD5}.AppStore|x86.ActiveCfg = Release|Any CPU
		{573E9A7F-C406-4102-987E-92E3E0583DD5}.AppStore|x86.Build.0 = Release|Any CPU
		{573E9A7F-C406-4102-987E-92E3E0583DD5}.Debug|Any CPU.ActiveCfg = Debug|Any CPU
		{573E9A7F-C406-4102-987E-92E3E0583DD5}.Debug|Any CPU.Build.0 = Debug|Any CPU
		{573E9A7F-C406-4102-987E-92E3E0583DD5}.Debug|ARM.ActiveCfg = Debug|Any CPU
		{573E9A7F-C406-4102-987E-92E3E0583DD5}.Debug|ARM.Build.0 = Debug|Any CPU
		{573E9A7F-C406-4102-987E-92E3E0583DD5}.Debug|iPhone.ActiveCfg = Debug|Any CPU
		{573E9A7F-C406-4102-987E-92E3E0583DD5}.Debug|iPhone.Build.0 = Debug|Any CPU
		{573E9A7F-C406-4102-987E-92E3E0583DD5}.Debug|iPhoneSimulator.ActiveCfg = Debug|Any CPU
		{573E9A7F-C406-4102-987E-92E3E0583DD5}.Debug|iPhoneSimulator.Build.0 = Debug|Any CPU
		{573E9A7F-C406-4102-987E-92E3E0583DD5}.Debug|x64.ActiveCfg = Debug|Any CPU
		{573E9A7F-C406-4102-987E-92E3E0583DD5}.Debug|x64.Build.0 = Debug|Any CPU
		{573E9A7F-C406-4102-987E-92E3E0583DD5}.Debug|x86.ActiveCfg = Debug|Any CPU
		{573E9A7F-C406-4102-987E-92E3E0583DD5}.Debug|x86.Build.0 = Debug|Any CPU
		{573E9A7F-C406-4102-987E-92E3E0583DD5}.Release|Any CPU.ActiveCfg = Release|Any CPU
		{573E9A7F-C406-4102-987E-92E3E0583DD5}.Release|Any CPU.Build.0 = Release|Any CPU
		{573E9A7F-C406-4102-987E-92E3E0583DD5}.Release|ARM.ActiveCfg = Release|Any CPU
		{573E9A7F-C406-4102-987E-92E3E0583DD5}.Release|ARM.Build.0 = Release|Any CPU
		{573E9A7F-C406-4102-987E-92E3E0583DD5}.Release|iPhone.ActiveCfg = Release|Any CPU
		{573E9A7F-C406-4102-987E-92E3E0583DD5}.Release|iPhone.Build.0 = Release|Any CPU
		{573E9A7F-C406-4102-987E-92E3E0583DD5}.Release|iPhoneSimulator.ActiveCfg = Release|Any CPU
		{573E9A7F-C406-4102-987E-92E3E0583DD5}.Release|iPhoneSimulator.Build.0 = Release|Any CPU
		{573E9A7F-C406-4102-987E-92E3E0583DD5}.Release|x64.ActiveCfg = Release|Any CPU
		{573E9A7F-C406-4102-987E-92E3E0583DD5}.Release|x64.Build.0 = Release|Any CPU
		{573E9A7F-C406-4102-987E-92E3E0583DD5}.Release|x86.ActiveCfg = Release|Any CPU
		{573E9A7F-C406-4102-987E-92E3E0583DD5}.Release|x86.Build.0 = Release|Any CPU
	EndGlobalSection
	GlobalSection(SolutionProperties) = preSolution
		HideSolutionNode = FALSE
	EndGlobalSection
EndGlobal
