
Microsoft Visual Studio Solution File, Format Version 12.00
# Visual Studio 14
VisualStudioVersion = 14.0.24720.0
MinimumVisualStudioVersion = 10.0.40219.1
Project("{FAE04EC0-301F-11D3-BF4B-00C04F79EFBC}") = "FF_BT_SHORP.BLL", "FF_BT_SHORP.BLL\FF_BT_SHORP.BLL.csproj", "{FC8E05E7-2455-4067-BF38-8A80178CFE44}"
EndProject
Project("{FAE04EC0-301F-11D3-BF4B-00C04F79EFBC}") = "FF_BT_SHORP.Common", "FF_BT_SHORP.Common\FF_BT_SHORP.Common.csproj", "{E12EEDB5-538C-4233-81F7-1725F31C18F7}"
EndProject
Project("{FAE04EC0-301F-11D3-BF4B-00C04F79EFBC}") = "FF_BT_SHORP.DAL", "FF_BT_SHORP.DAL\FF_BT_SHORP.DAL.csproj", "{D3479D25-CB15-4AD2-9452-E3B87065F219}"
EndProject
Project("{FAE04EC0-301F-11D3-BF4B-00C04F79EFBC}") = "FF_BT_SHORP.IBLL", "FF_BT_SHORP.IBLL\FF_BT_SHORP.IBLL.csproj", "{54667AD4-2972-43A2-82D4-97DB1F6DB34F}"
EndProject
Project("{FAE04EC0-301F-11D3-BF4B-00C04F79EFBC}") = "FF_BT_SHORP.IDAL", "FF_BT_SHORP.IDAL\FF_BT_SHORP.IDAL.csproj", "{7F7CC7E4-B5D4-4083-9BDA-EA257BA705F3}"
EndProject
Project("{FAE04EC0-301F-11D3-BF4B-00C04F79EFBC}") = "FF_BT_SHORP.Models", "FF_BT_SHORP.Models\FF_BT_SHORP.Models.csproj", "{9EDA89A1-6D88-450D-BF91-DC0FE1DE9606}"
EndProject
Project("{FAE04EC0-301F-11D3-BF4B-00C04F79EFBC}") = "FF_BT_SHORP.Web", "FF_BT_SHORP.Web\FF_BT_SHORP.Web.csproj", "{50DAEE43-98D2-45E0-9EFD-548F086E2905}"
EndProject
Global
	GlobalSection(SolutionConfigurationPlatforms) = preSolution
		Debug|Any CPU = Debug|Any CPU
		Release|Any CPU = Release|Any CPU
	EndGlobalSection
	GlobalSection(ProjectConfigurationPlatforms) = postSolution
		{FC8E05E7-2455-4067-BF38-8A80178CFE44}.Debug|Any CPU.ActiveCfg = Debug|Any CPU
		{FC8E05E7-2455-4067-BF38-8A80178CFE44}.Debug|Any CPU.Build.0 = Debug|Any CPU
		{FC8E05E7-2455-4067-BF38-8A80178CFE44}.Release|Any CPU.ActiveCfg = Release|Any CPU
		{FC8E05E7-2455-4067-BF38-8A80178CFE44}.Release|Any CPU.Build.0 = Release|Any CPU
		{E12EEDB5-538C-4233-81F7-1725F31C18F7}.Debug|Any CPU.ActiveCfg = Debug|Any CPU
		{E12EEDB5-538C-4233-81F7-1725F31C18F7}.Debug|Any CPU.Build.0 = Debug|Any CPU
		{E12EEDB5-538C-4233-81F7-1725F31C18F7}.Release|Any CPU.ActiveCfg = Release|Any CPU
		{E12EEDB5-538C-4233-81F7-1725F31C18F7}.Release|Any CPU.Build.0 = Release|Any CPU
		{D3479D25-CB15-4AD2-9452-E3B87065F219}.Debug|Any CPU.ActiveCfg = Debug|Any CPU
		{D3479D25-CB15-4AD2-9452-E3B87065F219}.Debug|Any CPU.Build.0 = Debug|Any CPU
		{D3479D25-CB15-4AD2-9452-E3B87065F219}.Release|Any CPU.ActiveCfg = Release|Any CPU
		{D3479D25-CB15-4AD2-9452-E3B87065F219}.Release|Any CPU.Build.0 = Release|Any CPU
		{54667AD4-2972-43A2-82D4-97DB1F6DB34F}.Debug|Any CPU.ActiveCfg = Debug|Any CPU
		{54667AD4-2972-43A2-82D4-97DB1F6DB34F}.Debug|Any CPU.Build.0 = Debug|Any CPU
		{54667AD4-2972-43A2-82D4-97DB1F6DB34F}.Release|Any CPU.ActiveCfg = Release|Any CPU
		{54667AD4-2972-43A2-82D4-97DB1F6DB34F}.Release|Any CPU.Build.0 = Release|Any CPU
		{7F7CC7E4-B5D4-4083-9BDA-EA257BA705F3}.Debug|Any CPU.ActiveCfg = Debug|Any CPU
		{7F7CC7E4-B5D4-4083-9BDA-EA257BA705F3}.Debug|Any CPU.Build.0 = Debug|Any CPU
		{7F7CC7E4-B5D4-4083-9BDA-EA257BA705F3}.Release|Any CPU.ActiveCfg = Release|Any CPU
		{7F7CC7E4-B5D4-4083-9BDA-EA257BA705F3}.Release|Any CPU.Build.0 = Release|Any CPU
		{9EDA89A1-6D88-450D-BF91-DC0FE1DE9606}.Debug|Any CPU.ActiveCfg = Debug|Any CPU
		{9EDA89A1-6D88-450D-BF91-DC0FE1DE9606}.Debug|Any CPU.Build.0 = Debug|Any CPU
		{9EDA89A1-6D88-450D-BF91-DC0FE1DE9606}.Release|Any CPU.ActiveCfg = Release|Any CPU
		{9EDA89A1-6D88-450D-BF91-DC0FE1DE9606}.Release|Any CPU.Build.0 = Release|Any CPU
		{50DAEE43-98D2-45E0-9EFD-548F086E2905}.Debug|Any CPU.ActiveCfg = Debug|Any CPU
		{50DAEE43-98D2-45E0-9EFD-548F086E2905}.Debug|Any CPU.Build.0 = Debug|Any CPU
		{50DAEE43-98D2-45E0-9EFD-548F086E2905}.Release|Any CPU.ActiveCfg = Release|Any CPU
		{50DAEE43-98D2-45E0-9EFD-548F086E2905}.Release|Any CPU.Build.0 = Release|Any CPU
	EndGlobalSection
	GlobalSection(SolutionProperties) = preSolution
		HideSolutionNode = FALSE
	EndGlobalSection
EndGlobal
